
Microsoft Visual Studio Solution File, Format Version 12.00
# Visual Studio Version 16
VisualStudioVersion = 16.0.34729.46
MinimumVisualStudioVersion = 10.0.40219.1
Project("{FAE04EC0-301F-11D3-BF4B-00C04F79EFBC}") = "MyCalculator", "MyCalculator\MyCalculator.csproj", "{78FB63D3-B692-4D20-8717-B4201136580A}"
EndProject
Project("{8BC9CEB8-8B4A-11D0-8D11-00A0C91BC942}") = "CRLArithmetic", "CRLArithmetic\CRLArithmetic.vcxproj", "{482D70BB-0D20-4F13-A34E-0CFF762F1FEB}"
EndProject
Global
	GlobalSection(SolutionConfigurationPlatforms) = preSolution
		Debug|Any CPU = Debug|Any CPU
		Debug|x64 = Debug|x64
		Debug|x86 = Debug|x86
		Release|Any CPU = Release|Any CPU
		Release|x64 = Release|x64
		Release|x86 = Release|x86
	EndGlobalSection
	GlobalSection(ProjectConfigurationPlatforms) = postSolution
		{78FB63D3-B692-4D20-8717-B4201136580A}.Debug|Any CPU.ActiveCfg = Debug|Any CPU
		{78FB63D3-B692-4D20-8717-B4201136580A}.Debug|Any CPU.Build.0 = Debug|Any CPU
		{78FB63D3-B692-4D20-8717-B4201136580A}.Debug|x64.ActiveCfg = Debug|Any CPU
		{78FB63D3-B692-4D20-8717-B4201136580A}.Debug|x64.Build.0 = Debug|Any CPU
		{78FB63D3-B692-4D20-8717-B4201136580A}.Debug|x86.ActiveCfg = Debug|Any CPU
		{78FB63D3-B692-4D20-8717-B4201136580A}.Debug|x86.Build.0 = Debug|Any CPU
		{78FB63D3-B692-4D20-8717-B4201136580A}.Release|Any CPU.ActiveCfg = Release|Any CPU
		{78FB63D3-B692-4D20-8717-B4201136580A}.Release|Any CPU.Build.0 = Release|Any CPU
		{78FB63D3-B692-4D20-8717-B4201136580A}.Release|x64.ActiveCfg = Release|Any CPU
		{78FB63D3-B692-4D20-8717-B4201136580A}.Release|x64.Build.0 = Release|Any CPU
		{78FB63D3-B692-4D20-8717-B4201136580A}.Release|x86.ActiveCfg = Release|Any CPU
		{78FB63D3-B692-4D20-8717-B4201136580A}.Release|x86.Build.0 = Release|Any CPU
		{482D70BB-0D20-4F13-A34E-0CFF762F1FEB}.Debug|Any CPU.ActiveCfg = Debug|Win32
		{482D70BB-0D20-4F13-A34E-0CFF762F1FEB}.Debug|x64.ActiveCfg = Debug|x64
		{482D70BB-0D20-4F13-A34E-0CFF762F1FEB}.Debug|x64.Build.0 = Debug|x64
		{482D70BB-0D20-4F13-A34E-0CFF762F1FEB}.Debug|x86.ActiveCfg = Debug|Win32
		{482D70BB-0D20-4F13-A34E-0CFF762F1FEB}.Debug|x86.Build.0 = Debug|Win32
		{482D70BB-0D20-4F13-A34E-0CFF762F1FEB}.Release|Any CPU.ActiveCfg = Release|Win32
		{482D70BB-0D20-4F13-A34E-0CFF762F1FEB}.Release|x64.ActiveCfg = Release|x64
		{482D70BB-0D20-4F13-A34E-0CFF762F1FEB}.Release|x64.Build.0 = Release|x64
		{482D70BB-0D20-4F13-A34E-0CFF762F1FEB}.Release|x86.ActiveCfg = Release|Win32
		{482D70BB-0D20-4F13-A34E-0CFF762F1FEB}.Release|x86.Build.0 = Release|Win32
	EndGlobalSection
	GlobalSection(SolutionProperties) = preSolution
		HideSolutionNode = FALSE
	EndGlobalSection
	GlobalSection(ExtensibilityGlobals) = postSolution
		SolutionGuid = {4AAAAB98-8477-4BEE-8A91-039F16EDE914}
	EndGlobalSection
EndGlobal
